{
  "nodes": {
    "nixpkgs": {
      "locked": {
        "type": "tarball",
        "url": "https://releases.nixos.org/nixos/26.05/nixos-26.05.8538.d57af924f160/nixexprs.tar.xz",
        "narHash": "sha256-pbm8BrmtI4lOXt2syJ3FP12LjybYuiTdUO0GQrbQMk0="
      },
      "original": {
        "type": "tarball",
        "url": "https://channels.nixos.org/nixos-26.05/nixexprs.tar.xz"
      }
    },
    "root": {
      "inputs": {
        "nixpkgs": "nixpkgs"
      }
    }
  },
  "root": "root",
  "version": 7
}
